
Microsoft Visual Studio Solution File, Format Version 12.00
# Visual Studio Version 16
VisualStudioVersion = 16.0.31829.152
MinimumVisualStudioVersion = 10.0.40219.1
Project("{FAE04EC0-301F-11D3-BF4B-00C04F79EFBC}") = "Server", "Server\Server.csproj", "{0C273505-7976-418D-990B-E88D8A5F1071}"
EndProject
Global
	GlobalSection(SolutionConfigurationPlatforms) = preSolution
		Debug|Any CPU = Debug|Any CPU
		Release|Any CPU = Release|Any CPU
	EndGlobalSection
	GlobalSection(ProjectConfigurationPlatforms) = postSolution
		{0C273505-7976-418D-990B-E88D8A5F1071}.Debug|Any CPU.ActiveCfg = Debug|Any CPU
		{0C273505-7976-418D-990B-E88D8A5F1071}.Debug|Any CPU.Build.0 = Debug|Any CPU
		{0C273505-7976-418D-990B-E88D8A5F1071}.Release|Any CPU.ActiveCfg = Release|Any CPU
		{0C273505-7976-418D-990B-E88D8A5F1071}.Release|Any CPU.Build.0 = Release|Any CPU
	EndGlobalSection
	GlobalSection(SolutionProperties) = preSolution
		HideSolutionNode = FALSE
	EndGlobalSection
	GlobalSection(ExtensibilityGlobals) = postSolution
		SolutionGuid = {4545A1BF-C976-46EC-94C6-99AA7937DB4C}
	EndGlobalSection
EndGlobal
